// !$*UTF8*$!
{
	archiveVersion = 1;
	classes = {
	};
	objectVersion = 50;
	objects = {

/* Begin PBXBuildFile section */
		1F7702A322640CB9005069F3 /* Assets.xcassets in Resources */ = {isa = PBXBuildFile; fileRef = 1F7702A222640CB9005069F3 /* Assets.xcassets */; };
		1FEC821A226124F900AABCFA /* AppDelegate.swift in Sources */ = {isa = PBXBuildFile; fileRef = 1FEC8219226124F900AABCFA /* AppDelegate.swift */; };
		1FEC821C226124F900AABCFA /* TableViewController.swift in Sources */ = {isa = PBXBuildFile; fileRef = 1FEC821B226124F900AABCFA /* TableViewController.swift */; };
		1FEC821F226124F900AABCFA /* Main.storyboard in Resources */ = {isa = PBXBuildFile; fileRef = 1FEC821D226124F900AABCFA /* Main.storyboard */; };
		1FEC8224226124FB00AABCFA /* LaunchScreen.storyboard in Resources */ = {isa = PBXBuildFile; fileRef = 1FEC8222226124FB00AABCFA /* LaunchScreen.storyboard */; };
		F17152FC2261299A0066E7C4 /* CountryTableViewCell.swift in Sources */ = {isa = PBXBuildFile; fileRef = F17152FB2261299A0066E7C4 /* CountryTableViewCell.swift */; };
		F17152FE22612B8A0066E7C4 /* DetailViewController.swift in Sources */ = {isa = PBXBuildFile; fileRef = F17152FD22612B8A0066E7C4 /* DetailViewController.swift */; };
/* End PBXBuildFile section */

/* Begin PBXFileReference section */
		1F7702A222640CB9005069F3 /* Assets.xcassets */ = {isa = PBXFileReference; lastKnownFileType = folder.assetcatalog; path = Assets.xcassets; sourceTree = "<group>"; };
		1FEC8216226124F900AABCFA /* NCApi.app */ = {isa = PBXFileReference; explicitFileType = wrapper.application; includeInIndex = 0; path = NCApi.app; sourceTree = BUILT_PRODUCTS_DIR; };
		1FEC8219226124F900AABCFA /* AppDelegate.swift */ = {isa = PBXFileReference; lastKnownFileType = sourcecode.swift; path = AppDelegate.swift; sourceTree = "<group>"; };
		1FEC821B226124F900AABCFA /* TableViewController.swift */ = {isa = PBXFileReference; lastKnownFileType = sourcecode.swift; path = TableViewController.swift; sourceTree = "<group>"; };
		1FEC821E226124F900AABCFA /* Base */ = {isa = PBXFileReference; lastKnownFileType = file.storyboard; name = Base; path = Base.lproj/Main.storyboard; sourceTree = "<group>"; };
		1FEC8223226124FB00AABCFA /* Base */ = {isa = PBXFileReference; lastKnownFileType = file.storyboard; name = Base; path = Base.lproj/LaunchScreen.storyboard; sourceTree = "<group>"; };
		1FEC8225226124FB00AABCFA /* Info.plist */ = {isa = PBXFileReference; lastKnownFileType = text.plist.xml; path = Info.plist; sourceTree = "<group>"; };
		F17152FB2261299A0066E7C4 /* CountryTableViewCell.swift */ = {isa = PBXFileReference; lastKnownFileType = sourcecode.swift; path = CountryTableViewCell.swift; sourceTree = "<group>"; };
		F17152FD22612B8A0066E7C4 /* DetailViewController.swift */ = {isa = PBXFileReference; lastKnownFileType = sourcecode.swift; path = DetailViewController.swift; sourceTree = "<group>"; };
/* End PBXFileReference section */

/* Begin PBXFrameworksBuildPhase section */
		1FEC8213226124F900AABCFA /* Frameworks */ = {
			isa = PBXFrameworksBuildPhase;
			buildActionMask = 2147483647;
			files = (
			);
			runOnlyForDeploymentPostprocessing = 0;
		};
/* End PBXFrameworksBuildPhase section */

/* Begin PBXGroup section */
		1FEC820D226124F900AABCFA = {
			isa = PBXGroup;
			children = (
				1FEC8218226124F900AABCFA /* NCApi */,
				1FEC8217226124F900AABCFA /* Products */,
			);
			sourceTree = "<group>";
		};
		1FEC8217226124F900AABCFA /* Products */ = {
			isa = PBXGroup;
			children = (
				1FEC8216226124F900AABCFA /* NCApi.app */,
			);
			name = Products;
			sourceTree = "<group>";
		};
		1FEC8218226124F900AABCFA /* NCApi */ = {
			isa = PBXGroup;
			children = (
				1FEC8219226124F900AABCFA /* AppDelegate.swift */,
				1FEC821B226124F900AABCFA /* TableViewController.swift */,
				1FEC821D226124F900AABCFA /* Main.storyboard */,
				1FEC8222226124FB00AABCFA /* LaunchScreen.storyboard */,
				1FEC8225226124FB00AABCFA /* Info.plist */,
				F17152FB2261299A0066E7C4 /* CountryTableViewCell.swift */,
				F17152FD22612B8A0066E7C4 /* DetailViewController.swift */,
			);
			path = NCApi;
			sourceTree = "<group>";
		};
/* End PBXGroup section */

/* Begin PBXNativeTarget section */
		1FEC8215226124F900AABCFA /* NCApi */ = {
			isa = PBXNativeTarget;
			buildConfigurationList = 1FEC8228226124FB00AABCFA /* Build configuration list for PBXNativeTarget "NCApi" */;
			buildPhases = (
				1FEC8212226124F900AABCFA /* Sources */,
				1FEC8213226124F900AABCFA /* Frameworks */,
				1FEC8214226124F900AABCFA /* Resources */,
			);
			buildRules = (
			);
			dependencies = (
			);
			name = NCApi;
			productName = NCApi;
			productReference = 1FEC8216226124F900AABCFA /* NCApi.app */;
			productType = "com.apple.product-type.application";
		};
/* End PBXNativeTarget section */

/* Begin PBXProject section */
		1FEC820E226124F900AABCFA /* Project object */ = {
			isa = PBXProject;
			attributes = {
				LastSwiftUpdateCheck = 1020;
				LastUpgradeCheck = 1020;
				ORGANIZATIONNAME = LeonardoBSR;
				TargetAttributes = {
					1FEC8215226124F900AABCFA = {
						CreatedOnToolsVersion = 10.2;
					};
				};
			};
			buildConfigurationList = 1FEC8211226124F900AABCFA /* Build configuration list for PBXProject "NCApi" */;
			compatibilityVersion = "Xcode 9.3";
			developmentRegion = en;
			hasScannedForEncodings = 0;
			knownRegions = (
				en,
				Base,
			);
			mainGroup = 1FEC820D226124F900AABCFA;
			productRefGroup = 1FEC8217226124F900AABCFA /* Products */;
			projectDirPath = "";
			projectRoot = "";
			targets = (
				1FEC8215226124F900AABCFA /* NCApi */,
			);
		};
/* End PBXProject section */

/* Begin PBXResourcesBuildPhase section */
		1FEC8214226124F900AABCFA /* Resources */ = {
			isa = PBXResourcesBuildPhase;
			buildActionMask = 2147483647;
			files = (
				1FEC8224226124FB00AABCFA /* LaunchScreen.storyboard in Resources */,
				1F7702A322640CB9005069F3 /* Assets.xcassets in Resources */,
				1FEC821F226124F900AABCFA /* Main.storyboard in Resources */,
			);
			runOnlyForDeploymentPostprocessing = 0;
		};
/* End PBXResourcesBuildPhase section */

/* Begin PBXSourcesBuildPhase section */
		1FEC8212226124F900AABCFA /* Sources */ = {
			isa = PBXSourcesBuildPhase;
			buildActionMask = 2147483647;
			files = (
				F17152FC2261299A0066E7C4 /* CountryTableViewCell.swift in Sources */,
				1FEC821C226124F900AABCFA /* ViewController.swift in Sources */,
				1FEC821A226124F900AABCFA /* AppDelegate.swift in Sources */,
				F17152FE22612B8A0066E7C4 /* DetailViewController.swift in Sources */,
			);
			runOnlyForDeploymentPostprocessing = 0;
		};
/* End PBXSourcesBuildPhase section */

/* Begin PBXVariantGroup section */
		1FEC821D226124F900AABCFA /* Main.storyboard */ = {
			isa = PBXVariantGroup;
			children = (
				1FEC821E226124F900AABCFA /* Base */,
			);
			name = Main.storyboard;
			sourceTree = "<group>";
		};
		1FEC8222226124FB00AABCFA /* LaunchScreen.storyboard */ = {
			isa = PBXVariantGroup;
			children = (
				1FEC8223226124FB00AABCFA /* Base */,
			);
			name = LaunchScreen.storyboard;
			sourceTree = "<group>";
		};
/* End PBXVariantGroup section */

/* Begin XCBuildConfiguration section */
		1FEC8226226124FB00AABCFA /* Debug */ = {
			isa = XCBuildConfiguration;
			buildSettings = {
				ALWAYS_SEARCH_USER_PATHS = NO;
				CLANG_ANALYZER_NONNULL = YES;
				CLANG_ANALYZER_NUMBER_OBJECT_CONVERSION = YES_AGGRESSIVE;
				CLANG_CXX_LANGUAGE_STANDARD = "gnu++14";
				CLANG_CXX_LIBRARY = "libc++";
				CLANG_ENABLE_MODULES = YES;
				CLANG_ENABLE_OBJC_ARC = YES;
				CLANG_ENABLE_OBJC_WEAK = YES;
				CLANG_WARN_BLOCK_CAPTURE_AUTORELEASING = YES;
				CLANG_WARN_BOOL_CONVERSION = YES;
				CLANG_WARN_COMMA = YES;
				CLANG_WARN_CONSTANT_CONVERSION = YES;
				CLANG_WARN_DEPRECATED_OBJC_IMPLEMENTATIONS = YES;
				CLANG_WARN_DIRECT_OBJC_ISA_USAGE = YES_ERROR;
				CLANG_WARN_DOCUMENTATION_COMMENTS = YES;
				CLANG_WARN_EMPTY_BODY = YES;
				CLANG_WARN_ENUM_CONVERSION = YES;
				CLANG_WARN_INFINITE_RECURSION = YES;
				CLANG_WARN_INT_CONVERSION = YES;
				CLANG_WARN_NON_LITERAL_NULL_CONVERSION = YES;
				CLANG_WARN_OBJC_IMPLICIT_RETAIN_SELF = YES;
				CLANG_WARN_OBJC_LITERAL_CONVERSION = YES;
				CLANG_WARN_OBJC_ROOT_CLASS = YES_ERROR;
				CLANG_WARN_RANGE_LOOP_ANALYSIS = YES;
				CLANG_WARN_STRICT_PROTOTYPES = YES;
				CLANG_WARN_SUSPICIOUS_MOVE = YES;
				CLANG_WARN_UNGUARDED_AVAILABILITY = YES_AGGRESSIVE;
				CLANG_WARN_UNREACHABLE_CODE = YES;
				CLANG_WARN__DUPLICATE_METHOD_MATCH = YES;
				CODE_SIGN_IDENTITY = "iPhone Developer";
				COPY_PHASE_STRIP = NO;
				DEBUG_INFORMATION_FORMAT = dwarf;
				ENABLE_STRICT_OBJC_MSGSEND = YES;
				ENABLE_TESTABILITY = YES;
				GCC_C_LANGUAGE_STANDARD = gnu11;
				GCC_DYNAMIC_NO_PIC = NO;
				GCC_NO_COMMON_BLOCKS = YES;
				GCC_OPTIMIZATION_LEVEL = 0;
				GCC_PREPROCESSOR_DEFINITIONS = (
					"DEBUG=1",
					"$(inherited)",
				);
				GCC_WARN_64_TO_32_BIT_CONVERSION = YES;
				GCC_WARN_ABOUT_RETURN_TYPE = YES_ERROR;
				GCC_WARN_UNDECLARED_SELECTOR = YES;
				GCC_WARN_UNINITIALIZED_AUTOS = YES_AGGRESSIVE;
				GCC_WARN_UNUSED_FUNCTION = YES;
				GCC_WARN_UNUSED_VARIABLE = YES;
				IPHONEOS_DEPLOYMENT_TARGET = 12.2;
				MTL_ENABLE_DEBUG_INFO = INCLUDE_SOURCE;
				MTL_FAST_MATH = YES;
				ONLY_ACTIVE_ARCH = YES;
				SDKROOT = iphoneos;
				SWIFT_ACTIVE_COMPILATION_CONDITIONS = DEBUG;
				SWIFT_OPTIMIZATION_LEVEL = "-Onone";
			};
			name = Debug;
		};
		1FEC8227226124FB00AABCFA /* Release */ = {
			isa = XCBuildConfiguration;
			buildSettings = {
				ALWAYS_SEARCH_USER_PATHS = NO;
				CLANG_ANALYZER_NONNULL = YES;
				CLANG_ANALYZER_NUMBER_OBJECT_CONVERSION = YES_AGGRESSIVE;
				CLANG_CXX_LANGUAGE_STANDARD = "gnu++14";
				CLANG_CXX_LIBRARY = "libc++";
				CLANG_ENABLE_MODULES = YES;
				CLANG_ENABLE_OBJC_ARC = YES;
				CLANG_ENABLE_OBJC_WEAK = YES;
				CLANG_WARN_BLOCK_CAPTURE_AUTORELEASING = YES;
				CLANG_WARN_BOOL_CONVERSION = YES;
				CLANG_WARN_COMMA = YES;
				CLANG_WARN_CONSTANT_CONVERSION = YES;
				CLANG_WARN_DEPRECATED_OBJC_IMPLEMENTATIONS = YES;
				CLANG_WARN_DIRECT_OBJC_ISA_USAGE = YES_ERROR;
				CLANG_WARN_DOCUMENTATION_COMMENTS = YES;
				CLANG_WARN_EMPTY_BODY = YES;
				CLANG_WARN_ENUM_CONVERSION = YES;
				CLANG_WARN_INFINITE_RECURSION = YES;
				CLANG_WARN_INT_CONVERSION = YES;
				CLANG_WARN_NON_LITERAL_NULL_CONVERSION = YES;
				CLANG_WARN_OBJC_IMPLICIT_RETAIN_SELF = YES;
				CLANG_WARN_OBJC_LITERAL_CONVERSION = YES;
				CLANG_WARN_OBJC_ROOT_CLASS = YES_ERROR;
				CLANG_WARN_RANGE_LOOP_ANALYSIS = YES;
				CLANG_WARN_STRICT_PROTOTYPES = YES;
				CLANG_WARN_SUSPICIOUS_MOVE = YES;
				CLANG_WARN_UNGUARDED_AVAILABILITY = YES_AGGRESSIVE;
				CLANG_WARN_UNREACHABLE_CODE = YES;
				CLANG_WARN__DUPLICATE_METHOD_MATCH = YES;
				CODE_SIGN_IDENTITY = "iPhone Developer";
				COPY_PHASE_STRIP = NO;
				DEBUG_INFORMATION_FORMAT = "dwarf-with-dsym";
				ENABLE_NS_ASSERTIONS = NO;
				ENABLE_STRICT_OBJC_MSGSEND = YES;
				GCC_C_LANGUAGE_STANDARD = gnu11;
				GCC_NO_COMMON_BLOCKS = YES;
				GCC_WARN_64_TO_32_BIT_CONVERSION = YES;
				GCC_WARN_ABOUT_RETURN_TYPE = YES_ERROR;
				GCC_WARN_UNDECLARED_SELECTOR = YES;
				GCC_WARN_UNINITIALIZED_AUTOS = YES_AGGRESSIVE;
				GCC_WARN_UNUSED_FUNCTION = YES;
				GCC_WARN_UNUSED_VARIABLE = YES;
				IPHONEOS_DEPLOYMENT_TARGET = 12.2;
				MTL_ENABLE_DEBUG_INFO = NO;
				MTL_FAST_MATH = YES;
				SDKROOT = iphoneos;
				SWIFT_COMPILATION_MODE = wholemodule;
				SWIFT_OPTIMIZATION_LEVEL = "-O";
				VALIDATE_PRODUCT = YES;
			};
			name = Release;
		};
		1FEC8229226124FB00AABCFA /* Debug */ = {
			isa = XCBuildConfiguration;
			buildSettings = {
				ASSETCATALOG_COMPILER_APPICON_NAME = AppIcon;
				CODE_SIGN_STYLE = Automatic;
				DEVELOPMENT_TEAM = F229TZ6SP5;
				INFOPLIST_FILE = NCApi/Info.plist;
				IPHONEOS_DEPLOYMENT_TARGET = 12.1;
				LD_RUNPATH_SEARCH_PATHS = (
					"$(inherited)",
					"@executable_path/Frameworks",
				);
				PRODUCT_BUNDLE_IDENTIFIER = LeonardoBSR.NCApi;
				PRODUCT_NAME = "$(TARGET_NAME)";
				SWIFT_VERSION = 4.2;
				TARGETED_DEVICE_FAMILY = "1,2";
			};
			name = Debug;
		};
		1FEC822A226124FB00AABCFA /* Release */ = {
			isa = XCBuildConfiguration;
			buildSettings = {
				ASSETCATALOG_COMPILER_APPICON_NAME = AppIcon;
				CODE_SIGN_STYLE = Automatic;
				DEVELOPMENT_TEAM = F229TZ6SP5;
				INFOPLIST_FILE = NCApi/Info.plist;
				IPHONEOS_DEPLOYMENT_TARGET = 12.1;
				LD_RUNPATH_SEARCH_PATHS = (
					"$(inherited)",
					"@executable_path/Frameworks",
				);
				PRODUCT_BUNDLE_IDENTIFIER = LeonardoBSR.NCApi;
				PRODUCT_NAME = "$(TARGET_NAME)";
				SWIFT_VERSION = 4.2;
				TARGETED_DEVICE_FAMILY = "1,2";
			};
			name = Release;
		};
/* End XCBuildConfiguration section */

/* Begin XCConfigurationList section */
		1FEC8211226124F900AABCFA /* Build configuration list for PBXProject "NCApi" */ = {
			isa = XCConfigurationList;
			buildConfigurations = (
				1FEC8226226124FB00AABCFA /* Debug */,
				1FEC8227226124FB00AABCFA /* Release */,
			);
			defaultConfigurationIsVisible = 0;
			defaultConfigurationName = Release;
		};
		1FEC8228226124FB00AABCFA /* Build configuration list for PBXNativeTarget "NCApi" */ = {
			isa = XCConfigurationList;
			buildConfigurations = (
				1FEC8229226124FB00AABCFA /* Debug */,
				1FEC822A226124FB00AABCFA /* Release */,
			);
			defaultConfigurationIsVisible = 0;
			defaultConfigurationName = Release;
		};
/* End XCConfigurationList section */
	};
	rootObject = 1FEC820E226124F900AABCFA /* Project object */;
}
